
Microsoft Visual Studio Solution File, Format Version 12.00
# Visual Studio 15
VisualStudioVersion = 15.0.28307.489
MinimumVisualStudioVersion = 10.0.40219.1
Project("{FAE04EC0-301F-11D3-BF4B-00C04F79EFBC}") = "FDNE.LITE.WEB.API", "FDNE.LITE.WEB.API\FDNE.LITE.WEB.API.csproj", "{392EBD7F-EE5E-497B-8C8F-7E2EB383DEE7}"
EndProject
Project("{FAE04EC0-301F-11D3-BF4B-00C04F79EFBC}") = "FDNE.LITE.WEB.ADMIN", "FDNE.LITE.WEB.ADMIN\FDNE.LITE.WEB.ADMIN.csproj", "{84605A17-93EE-4EC3-B7B6-0522470A47A2}"
EndProject
Project("{FAE04EC0-301F-11D3-BF4B-00C04F79EFBC}") = "FDNE.LITE.WEB.LANDING", "FDNE.LITE.WEB.LANDING\FDNE.LITE.WEB.LANDING.csproj", "{2C70C5AE-07C4-4613-8A9C-8AE70ABE71A2}"
EndProject
Project("{FAE04EC0-301F-11D3-BF4B-00C04F79EFBC}") = "FDNE.LITE.WEB.SITE", "FDNE.LITE.WEB.SITE\FDNE.LITE.WEB.SITE.csproj", "{879C727A-3588-4FF9-9A13-11FAA5283CDA}"
EndProject
Project("{FAE04EC0-301F-11D3-BF4B-00C04F79EFBC}") = "FDNE.LITE.CORE", "FDNE.LITE.CORE\FDNE.LITE.CORE.csproj", "{0C5931C6-1A74-4EB9-86D8-04F69CF19CC5}"
EndProject
Project("{FAE04EC0-301F-11D3-BF4B-00C04F79EFBC}") = "FDNE.LITE.REPOSITORY", "FDNE.LITE.REPOSITORY\FDNE.LITE.REPOSITORY.csproj", "{D860EFC5-4C59-47E0-A034-D39BC9980CC8}"
EndProject
Project("{FAE04EC0-301F-11D3-BF4B-00C04F79EFBC}") = "FDNE.LITE.ENTITIES", "FDNE.LITE.ENTITIES\FDNE.LITE.ENTITIES.csproj", "{4A1734A1-63DB-455A-8801-86534BCF2A93}"
EndProject
Project("{FAE04EC0-301F-11D3-BF4B-00C04F79EFBC}") = "FDNE.LITE.DATA", "FDNE.LITE.DATA\FDNE.LITE.DATA.csproj", "{109BB18C-1C5E-4354-8B92-C1B1E9E27A45}"
EndProject
Global
	GlobalSection(SolutionConfigurationPlatforms) = preSolution
		Debug|Any CPU = Debug|Any CPU
		Release|Any CPU = Release|Any CPU
	EndGlobalSection
	GlobalSection(ProjectConfigurationPlatforms) = postSolution
		{392EBD7F-EE5E-497B-8C8F-7E2EB383DEE7}.Debug|Any CPU.ActiveCfg = Debug|Any CPU
		{392EBD7F-EE5E-497B-8C8F-7E2EB383DEE7}.Debug|Any CPU.Build.0 = Debug|Any CPU
		{392EBD7F-EE5E-497B-8C8F-7E2EB383DEE7}.Release|Any CPU.ActiveCfg = Release|Any CPU
		{392EBD7F-EE5E-497B-8C8F-7E2EB383DEE7}.Release|Any CPU.Build.0 = Release|Any CPU
		{84605A17-93EE-4EC3-B7B6-0522470A47A2}.Debug|Any CPU.ActiveCfg = Debug|Any CPU
		{84605A17-93EE-4EC3-B7B6-0522470A47A2}.Debug|Any CPU.Build.0 = Debug|Any CPU
		{84605A17-93EE-4EC3-B7B6-0522470A47A2}.Release|Any CPU.ActiveCfg = Release|Any CPU
		{84605A17-93EE-4EC3-B7B6-0522470A47A2}.Release|Any CPU.Build.0 = Release|Any CPU
		{2C70C5AE-07C4-4613-8A9C-8AE70ABE71A2}.Debug|Any CPU.ActiveCfg = Debug|Any CPU
		{2C70C5AE-07C4-4613-8A9C-8AE70ABE71A2}.Debug|Any CPU.Build.0 = Debug|Any CPU
		{2C70C5AE-07C4-4613-8A9C-8AE70ABE71A2}.Release|Any CPU.ActiveCfg = Release|Any CPU
		{2C70C5AE-07C4-4613-8A9C-8AE70ABE71A2}.Release|Any CPU.Build.0 = Release|Any CPU
		{879C727A-3588-4FF9-9A13-11FAA5283CDA}.Debug|Any CPU.ActiveCfg = Debug|Any CPU
		{879C727A-3588-4FF9-9A13-11FAA5283CDA}.Debug|Any CPU.Build.0 = Debug|Any CPU
		{879C727A-3588-4FF9-9A13-11FAA5283CDA}.Release|Any CPU.ActiveCfg = Release|Any CPU
		{879C727A-3588-4FF9-9A13-11FAA5283CDA}.Release|Any CPU.Build.0 = Release|Any CPU
		{0C5931C6-1A74-4EB9-86D8-04F69CF19CC5}.Debug|Any CPU.ActiveCfg = Debug|Any CPU
		{0C5931C6-1A74-4EB9-86D8-04F69CF19CC5}.Debug|Any CPU.Build.0 = Debug|Any CPU
		{0C5931C6-1A74-4EB9-86D8-04F69CF19CC5}.Release|Any CPU.ActiveCfg = Release|Any CPU
		{0C5931C6-1A74-4EB9-86D8-04F69CF19CC5}.Release|Any CPU.Build.0 = Release|Any CPU
		{D860EFC5-4C59-47E0-A034-D39BC9980CC8}.Debug|Any CPU.ActiveCfg = Debug|Any CPU
		{D860EFC5-4C59-47E0-A034-D39BC9980CC8}.Debug|Any CPU.Build.0 = Debug|Any CPU
		{D860EFC5-4C59-47E0-A034-D39BC9980CC8}.Release|Any CPU.ActiveCfg = Release|Any CPU
		{D860EFC5-4C59-47E0-A034-D39BC9980CC8}.Release|Any CPU.Build.0 = Release|Any CPU
		{4A1734A1-63DB-455A-8801-86534BCF2A93}.Debug|Any CPU.ActiveCfg = Debug|Any CPU
		{4A1734A1-63DB-455A-8801-86534BCF2A93}.Debug|Any CPU.Build.0 = Debug|Any CPU
		{4A1734A1-63DB-455A-8801-86534BCF2A93}.Release|Any CPU.ActiveCfg = Release|Any CPU
		{4A1734A1-63DB-455A-8801-86534BCF2A93}.Release|Any CPU.Build.0 = Release|Any CPU
		{109BB18C-1C5E-4354-8B92-C1B1E9E27A45}.Debug|Any CPU.ActiveCfg = Debug|Any CPU
		{109BB18C-1C5E-4354-8B92-C1B1E9E27A45}.Debug|Any CPU.Build.0 = Debug|Any CPU
		{109BB18C-1C5E-4354-8B92-C1B1E9E27A45}.Release|Any CPU.ActiveCfg = Release|Any CPU
		{109BB18C-1C5E-4354-8B92-C1B1E9E27A45}.Release|Any CPU.Build.0 = Release|Any CPU
	EndGlobalSection
	GlobalSection(SolutionProperties) = preSolution
		HideSolutionNode = FALSE
	EndGlobalSection
	GlobalSection(ExtensibilityGlobals) = postSolution
		SolutionGuid = {6F28CF79-98E8-4061-AC3A-F471542205CF}
	EndGlobalSection
EndGlobal
